
Microsoft Visual Studio Solution File, Format Version 12.00
# Visual Studio Version 16
VisualStudioVersion = 16.0.30523.141
MinimumVisualStudioVersion = 10.0.40219.1
Project("{FAE04EC0-301F-11D3-BF4B-00C04F79EFBC}") = "OdeToFood.Web", "OdeToFood.Web\OdeToFood.Web.csproj", "{6B5F3639-40A5-4C23-9C4D-864BD076DAE6}"
EndProject
Project("{FAE04EC0-301F-11D3-BF4B-00C04F79EFBC}") = "OdeToFood.Data", "OdeToFood.Data\OdeToFood.Data.csproj", "{79EC4D15-813F-436C-BF45-6FB3FEDAF355}"
EndProject
Global
	GlobalSection(SolutionConfigurationPlatforms) = preSolution
		Debug|Any CPU = Debug|Any CPU
		Release|Any CPU = Release|Any CPU
	EndGlobalSection
	GlobalSection(ProjectConfigurationPlatforms) = postSolution
		{6B5F3639-40A5-4C23-9C4D-864BD076DAE6}.Debug|Any CPU.ActiveCfg = Debug|Any CPU
		{6B5F3639-40A5-4C23-9C4D-864BD076DAE6}.Debug|Any CPU.Build.0 = Debug|Any CPU
		{6B5F3639-40A5-4C23-9C4D-864BD076DAE6}.Release|Any CPU.ActiveCfg = Release|Any CPU
		{6B5F3639-40A5-4C23-9C4D-864BD076DAE6}.Release|Any CPU.Build.0 = Release|Any CPU
		{79EC4D15-813F-436C-BF45-6FB3FEDAF355}.Debug|Any CPU.ActiveCfg = Debug|Any CPU
		{79EC4D15-813F-436C-BF45-6FB3FEDAF355}.Debug|Any CPU.Build.0 = Debug|Any CPU
		{79EC4D15-813F-436C-BF45-6FB3FEDAF355}.Release|Any CPU.ActiveCfg = Release|Any CPU
		{79EC4D15-813F-436C-BF45-6FB3FEDAF355}.Release|Any CPU.Build.0 = Release|Any CPU
	EndGlobalSection
	GlobalSection(SolutionProperties) = preSolution
		HideSolutionNode = FALSE
	EndGlobalSection
	GlobalSection(ExtensibilityGlobals) = postSolution
		SolutionGuid = {DBCD98CA-FDCD-4973-A4DD-0D49A3F05568}
	EndGlobalSection
EndGlobal
